
Microsoft Visual Studio Solution File, Format Version 12.00
# Visual Studio 15
VisualStudioVersion = 15.0.28307.271
MinimumVisualStudioVersion = 10.0.40219.1
Project("{8BC9CEB8-8B4A-11D0-8D11-00A0C91BC942}") = "ASProjectZero", "ASProjectZero\ASProjectZero.vcxproj", "{DBA3471F-4764-42B7-A689-D752DE6CD732}"
EndProject
Global
	GlobalSection(SolutionConfigurationPlatforms) = preSolution
		Debug|x64 = Debug|x64
		Debug|x86 = Debug|x86
		Release|x64 = Release|x64
		Release|x86 = Release|x86
	EndGlobalSection
	GlobalSection(ProjectConfigurationPlatforms) = postSolution
		{DBA3471F-4764-42B7-A689-D752DE6CD732}.Debug|x64.ActiveCfg = Debug|x64
		{DBA3471F-4764-42B7-A689-D752DE6CD732}.Debug|x64.Build.0 = Debug|x64
		{DBA3471F-4764-42B7-A689-D752DE6CD732}.Debug|x86.ActiveCfg = Debug|Win32
		{DBA3471F-4764-42B7-A689-D752DE6CD732}.Debug|x86.Build.0 = Debug|Win32
		{DBA3471F-4764-42B7-A689-D752DE6CD732}.Release|x64.ActiveCfg = Release|x64
		{DBA3471F-4764-42B7-A689-D752DE6CD732}.Release|x64.Build.0 = Release|x64
		{DBA3471F-4764-42B7-A689-D752DE6CD732}.Release|x86.ActiveCfg = Release|Win32
		{DBA3471F-4764-42B7-A689-D752DE6CD732}.Release|x86.Build.0 = Release|Win32
	EndGlobalSection
	GlobalSection(SolutionProperties) = preSolution
		HideSolutionNode = FALSE
	EndGlobalSection
	GlobalSection(ExtensibilityGlobals) = postSolution
		SolutionGuid = {1B694168-B19A-4701-8180-E8C53C186826}
	EndGlobalSection
EndGlobal
